
Microsoft Visual Studio Solution File, Format Version 12.00
# Visual Studio Version 16
VisualStudioVersion = 16.0.31129.286
MinimumVisualStudioVersion = 10.0.40219.1
Project("{FAE04EC0-301F-11D3-BF4B-00C04F79EFBC}") = "Threads", "Threads\Threads.csproj", "{99BD540D-7CD2-4EEF-9317-AFE1C09C17E6}"
EndProject
Global
	GlobalSection(SolutionConfigurationPlatforms) = preSolution
		Debug|Any CPU = Debug|Any CPU
		Release|Any CPU = Release|Any CPU
	EndGlobalSection
	GlobalSection(ProjectConfigurationPlatforms) = postSolution
		{99BD540D-7CD2-4EEF-9317-AFE1C09C17E6}.Debug|Any CPU.ActiveCfg = Debug|Any CPU
		{99BD540D-7CD2-4EEF-9317-AFE1C09C17E6}.Debug|Any CPU.Build.0 = Debug|Any CPU
		{99BD540D-7CD2-4EEF-9317-AFE1C09C17E6}.Release|Any CPU.ActiveCfg = Release|Any CPU
		{99BD540D-7CD2-4EEF-9317-AFE1C09C17E6}.Release|Any CPU.Build.0 = Release|Any CPU
	EndGlobalSection
	GlobalSection(SolutionProperties) = preSolution
		HideSolutionNode = FALSE
	EndGlobalSection
	GlobalSection(ExtensibilityGlobals) = postSolution
		SolutionGuid = {0FCF0619-22A7-4970-B2F8-905590B2A44B}
	EndGlobalSection
EndGlobal
